# Lockfile v4
# This file is automatically generated by Wapm.
# It is not intended for manual editing. The schema of this file may change.
[modules."sqlite/sqlite"."0.2.2".sqlite]
name = "sqlite"
package_version = "0.2.2"
package_name = "sqlite/sqlite"
package_path = "sqlite/sqlite@0.2.2"
resolved = "https://storage.googleapis.com/wapm-registry-prod/packages/_/sqlite/sqlite-0.2.2.tar.gz"
resolved_source = "registry+sqlite"
abi = "wasi"
source = "build/sqlite.wasm"
[commands.sqlite]
name = "sqlite"
package_name = "sqlite/sqlite"
package_version = "0.2.2"
module = "sqlite"
is_top_level_dependency = true

[commands.sqlite3]
name = "sqlite3"
package_name = "sqlite/sqlite"
package_version = "0.2.2"
module = "sqlite"
is_top_level_dependency = true
